{
  "pins" : [
    {
      "identity" : "alamofire",
      "kind" : "remoteSourceControl",
      "location" : "https://github.com/Alamofire/Alamofire.git",
      "state" : {
        "revision" : "f455c2975872ccd2d9c81594c658af65716e9b9a",
        "version" : "5.9.1"
      }
    },
    {
      "identity" : "charts",
      "kind" : "remoteSourceControl",
      "location" : "https://github.com/danielgindi/Charts.git",
      "state" : {
        "revision" : "dd9c72e3d7e751e769971092a6bd72d39198ae63",
        "version" : "5.1.0"
      }
    },
    {
      "identity" : "pageboy",
      "kind" : "remoteSourceControl",
      "location" : "https://github.com/uias/Pageboy",
      "state" : {
        "revision" : "5522aa6ae88633f6c23cf504e9cd684e963822f1",
        "version" : "4.0.2"
      }
    },
    {
      "identity" : "snapkit",
      "kind" : "remoteSourceControl",
      "location" : "https://github.com/SnapKit/SnapKit",
      "state" : {
        "revision" : "2842e6e84e82eb9a8dac0100ca90d9444b0307f4",
        "version" : "5.7.1"
      }
    },
    {
      "identity" : "tabman",
      "kind" : "remoteSourceControl",
      "location" : "https://github.com/uias/Tabman.git",
      "state" : {
        "revision" : "e32c0d821b03566ed966753f941113883f268da0",
        "version" : "3.0.2"
      }
    },
    {
      "identity" : "then",
      "kind" : "remoteSourceControl",
      "location" : "https://github.com/devxoul/Then",
      "state" : {
        "revision" : "d41ef523faef0f911369f79c0b96815d9dbb6d7a",
        "version" : "3.0.0"
      }
    }
  ],
  "version" : 2
}
