{
  "originHash" : "8bd032ebd3d9b9c9ed46da8e823b8f06e328d4363e345af9f9866b79c3a2dd58",
  "pins" : [
    {
      "identity" : "alamofire",
      "kind" : "remoteSourceControl",
      "location" : "https://github.com/Alamofire/Alamofire.git",
      "state" : {
        "revision" : "f455c2975872ccd2d9c81594c658af65716e9b9a",
        "version" : "5.9.1"
      }
    },
    {
      "identity" : "charts",
      "kind" : "remoteSourceControl",
      "location" : "https://github.com/danielgindi/Charts.git",
      "state" : {
        "revision" : "dd9c72e3d7e751e769971092a6bd72d39198ae63",
        "version" : "5.1.0"
      }
    },
    {
      "identity" : "kakao-ios-sdk",
      "kind" : "remoteSourceControl",
      "location" : "https://github.com/kakao/kakao-ios-sdk.git",
      "state" : {
        "revision" : "08089eeffc9b442da1c7343a70bf66c6de1a72c9",
        "version" : "2.22.4"
      }
    },
    {
      "identity" : "kingfisher",
      "kind" : "remoteSourceControl",
      "location" : "https://github.com/onevcat/Kingfisher",
      "state" : {
        "revision" : "2ef543ee21d63734e1c004ad6c870255e8716c50",
        "version" : "7.12.0"
      }
    },
    {
      "identity" : "pageboy",
      "kind" : "remoteSourceControl",
      "location" : "https://github.com/uias/Pageboy",
      "state" : {
        "revision" : "be0c1f6f1964cfb07f9d819b0863f2c3f255f612",
        "version" : "4.2.0"
      }
    },
    {
      "identity" : "snapkit",
      "kind" : "remoteSourceControl",
      "location" : "https://github.com/SnapKit/SnapKit",
      "state" : {
        "revision" : "2842e6e84e82eb9a8dac0100ca90d9444b0307f4",
        "version" : "5.7.1"
      }
    },
    {
      "identity" : "swiftkeychainwrapper",
      "kind" : "remoteSourceControl",
      "location" : "https://github.com/jrendel/SwiftKeychainWrapper",
      "state" : {
        "revision" : "185a3165346a03767101c4f62e9a545a0fe0530f",
        "version" : "4.0.1"
      }
    },
    {
      "identity" : "tabman",
      "kind" : "remoteSourceControl",
      "location" : "https://github.com/uias/Tabman.git",
      "state" : {
        "revision" : "3b2213290eb93e55bb50b49d1a179033005c11ab",
        "version" : "3.2.0"
      }
    },
    {
      "identity" : "then",
      "kind" : "remoteSourceControl",
      "location" : "https://github.com/devxoul/Then",
      "state" : {
        "revision" : "d41ef523faef0f911369f79c0b96815d9dbb6d7a",
        "version" : "3.0.0"
      }
    }
  ],
  "version" : 3
}
